
Microsoft Visual Studio Solution File, Format Version 12.00
Project("{2150E333-8FDC-42A3-9474-1A3956D46DE8}") = "Server", "Server", "{E84CB19D-ADC3-4895-8BA9-632E3182616F}"
EndProject
Project("{FAE04EC0-301F-11D3-BF4B-00C04F79EFBC}") = "Entities", "Server\Entities\Entities.csproj", "{0760E4DD-E0FC-4B68-9EA2-AE138223FFBC}"
EndProject
Project("{FAE04EC0-301F-11D3-BF4B-00C04F79EFBC}") = "RepositoryContracts", "Server\RepositoryContracts\RepositoryContracts.csproj", "{1EA4C626-F6DF-4B61-9622-0053D290B102}"
EndProject
Project("{FAE04EC0-301F-11D3-BF4B-00C04F79EFBC}") = "InMemoryRepositories", "Server\InMemoryRepositories\InMemoryRepositories.csproj", "{A25DD4E8-1D0E-4CA9-BD6D-D16202F0BA84}"
EndProject
Project("{FAE04EC0-301F-11D3-BF4B-00C04F79EFBC}") = "CLI", "Server\CLI\CLI.csproj", "{41179755-B58B-41C6-B7FD-7C626C27A2EF}"
EndProject
Project("{FAE04EC0-301F-11D3-BF4B-00C04F79EFBC}") = "FileRepositories", "Server\FileRepositories\FileRepositories.csproj", "{A92A9B8F-40F9-4259-8AE0-8266F2AB4F6E}"
EndProject
Project("{2150E333-8FDC-42A3-9474-1A3956D46DE8}") = "Shared", "Shared", "{0A3C3E7D-3F7F-40AD-BAB9-0E0499F68145}"
EndProject
Project("{FAE04EC0-301F-11D3-BF4B-00C04F79EFBC}") = "ApiContracts", "Shared\ApiContracts\ApiContracts.csproj", "{059877AC-F02D-4DA2-AD7D-051815BF8E6E}"
EndProject
Project("{FAE04EC0-301F-11D3-BF4B-00C04F79EFBC}") = "WebAPI", "Server\WebAPI\WebAPI.csproj", "{9E2BFCF0-337E-4570-943C-5313563E0C2F}"
EndProject
Global
	GlobalSection(SolutionConfigurationPlatforms) = preSolution
		Debug|Any CPU = Debug|Any CPU
		Release|Any CPU = Release|Any CPU
	EndGlobalSection
	GlobalSection(NestedProjects) = preSolution
		{0760E4DD-E0FC-4B68-9EA2-AE138223FFBC} = {E84CB19D-ADC3-4895-8BA9-632E3182616F}
		{1EA4C626-F6DF-4B61-9622-0053D290B102} = {E84CB19D-ADC3-4895-8BA9-632E3182616F}
		{A25DD4E8-1D0E-4CA9-BD6D-D16202F0BA84} = {E84CB19D-ADC3-4895-8BA9-632E3182616F}
		{41179755-B58B-41C6-B7FD-7C626C27A2EF} = {E84CB19D-ADC3-4895-8BA9-632E3182616F}
		{A92A9B8F-40F9-4259-8AE0-8266F2AB4F6E} = {E84CB19D-ADC3-4895-8BA9-632E3182616F}
		{059877AC-F02D-4DA2-AD7D-051815BF8E6E} = {0A3C3E7D-3F7F-40AD-BAB9-0E0499F68145}
		{9E2BFCF0-337E-4570-943C-5313563E0C2F} = {E84CB19D-ADC3-4895-8BA9-632E3182616F}
	EndGlobalSection
	GlobalSection(ProjectConfigurationPlatforms) = postSolution
		{0760E4DD-E0FC-4B68-9EA2-AE138223FFBC}.Debug|Any CPU.ActiveCfg = Debug|Any CPU
		{0760E4DD-E0FC-4B68-9EA2-AE138223FFBC}.Debug|Any CPU.Build.0 = Debug|Any CPU
		{0760E4DD-E0FC-4B68-9EA2-AE138223FFBC}.Release|Any CPU.ActiveCfg = Release|Any CPU
		{0760E4DD-E0FC-4B68-9EA2-AE138223FFBC}.Release|Any CPU.Build.0 = Release|Any CPU
		{1EA4C626-F6DF-4B61-9622-0053D290B102}.Debug|Any CPU.ActiveCfg = Debug|Any CPU
		{1EA4C626-F6DF-4B61-9622-0053D290B102}.Debug|Any CPU.Build.0 = Debug|Any CPU
		{1EA4C626-F6DF-4B61-9622-0053D290B102}.Release|Any CPU.ActiveCfg = Release|Any CPU
		{1EA4C626-F6DF-4B61-9622-0053D290B102}.Release|Any CPU.Build.0 = Release|Any CPU
		{A25DD4E8-1D0E-4CA9-BD6D-D16202F0BA84}.Debug|Any CPU.ActiveCfg = Debug|Any CPU
		{A25DD4E8-1D0E-4CA9-BD6D-D16202F0BA84}.Debug|Any CPU.Build.0 = Debug|Any CPU
		{A25DD4E8-1D0E-4CA9-BD6D-D16202F0BA84}.Release|Any CPU.ActiveCfg = Release|Any CPU
		{A25DD4E8-1D0E-4CA9-BD6D-D16202F0BA84}.Release|Any CPU.Build.0 = Release|Any CPU
		{41179755-B58B-41C6-B7FD-7C626C27A2EF}.Debug|Any CPU.ActiveCfg = Debug|Any CPU
		{41179755-B58B-41C6-B7FD-7C626C27A2EF}.Debug|Any CPU.Build.0 = Debug|Any CPU
		{41179755-B58B-41C6-B7FD-7C626C27A2EF}.Release|Any CPU.ActiveCfg = Release|Any CPU
		{41179755-B58B-41C6-B7FD-7C626C27A2EF}.Release|Any CPU.Build.0 = Release|Any CPU
		{A92A9B8F-40F9-4259-8AE0-8266F2AB4F6E}.Debug|Any CPU.ActiveCfg = Debug|Any CPU
		{A92A9B8F-40F9-4259-8AE0-8266F2AB4F6E}.Debug|Any CPU.Build.0 = Debug|Any CPU
		{A92A9B8F-40F9-4259-8AE0-8266F2AB4F6E}.Release|Any CPU.ActiveCfg = Release|Any CPU
		{A92A9B8F-40F9-4259-8AE0-8266F2AB4F6E}.Release|Any CPU.Build.0 = Release|Any CPU
		{059877AC-F02D-4DA2-AD7D-051815BF8E6E}.Debug|Any CPU.ActiveCfg = Debug|Any CPU
		{059877AC-F02D-4DA2-AD7D-051815BF8E6E}.Debug|Any CPU.Build.0 = Debug|Any CPU
		{059877AC-F02D-4DA2-AD7D-051815BF8E6E}.Release|Any CPU.ActiveCfg = Release|Any CPU
		{059877AC-F02D-4DA2-AD7D-051815BF8E6E}.Release|Any CPU.Build.0 = Release|Any CPU
		{9E2BFCF0-337E-4570-943C-5313563E0C2F}.Debug|Any CPU.ActiveCfg = Debug|Any CPU
		{9E2BFCF0-337E-4570-943C-5313563E0C2F}.Debug|Any CPU.Build.0 = Debug|Any CPU
		{9E2BFCF0-337E-4570-943C-5313563E0C2F}.Release|Any CPU.ActiveCfg = Release|Any CPU
		{9E2BFCF0-337E-4570-943C-5313563E0C2F}.Release|Any CPU.Build.0 = Release|Any CPU
	EndGlobalSection
EndGlobal
